{
  "name": "sigelo-mcp",
  "version": "0.1.0",
  "lockfileVersion": 3,
  "requires": true,
  "packages": {
    "": {
      "name": "sigelo-mcp",
      "version": "0.1.0",
      "license": "MIT",
      "dependencies": {
        "sigelo": "file:../../ts",
        "sigelo-agent": "file:../../adapters/moadim",
        "sigelo-spend": "file:../../spend"
      },
      "bin": {
        "sigelo-mcp": "server.mjs"
      },
      "engines": {
        "node": ">=22.18"
      }
    },
    "../../adapters/moadim": {
      "name": "sigelo-agent",
      "version": "0.1.0",
      "license": "MIT",
      "dependencies": {
        "sigelo": "file:../../ts"
      },
      "bin": {
        "sigelo-agent": "dist/cli.js"
      },
      "devDependencies": {
        "@types/node": "24.13.5",
        "typescript": "5.9.3"
      },
      "engines": {
        "node": ">=22.18"
      }
    },
    "../../spend": {
      "name": "sigelo-spend",
      "version": "0.1.0",
      "license": "MIT",
      "dependencies": {
        "sigelo": "file:../ts"
      },
      "bin": {
        "sigelo-spend": "dist/cli.js",
        "sigelo-wallet": "dist/wallet.js"
      },
      "devDependencies": {
        "typescript": "5.9.3"
      },
      "engines": {
        "node": ">=22"
      }
    },
    "../../ts": {
      "name": "sigelo",
      "version": "0.1.0",
      "license": "MIT",
      "dependencies": {
        "@noble/ed25519": "3.2.0",
        "@noble/hashes": "2.4.0"
      },
      "bin": {
        "sigelo-offline": "dist/offline.js"
      },
      "devDependencies": {
        "typescript": "5.9.3"
      },
      "engines": {
        "node": ">=22"
      }
    },
    "node_modules/sigelo": {
      "resolved": "../../ts",
      "link": true
    },
    "node_modules/sigelo-agent": {
      "resolved": "../../adapters/moadim",
      "link": true
    },
    "node_modules/sigelo-spend": {
      "resolved": "../../spend",
      "link": true
    }
  }
}
